{
    "name": "ui",
    "lockfileVersion": 2,
    "requires": true,
    "packages": {
        "": {
            "devDependencies": {
                "@microblink/blinkid-in-browser-sdk": "file:../",
                "@stencil/core": "2.12.0",
                "@stencil/postcss": "2.1.0",
                "@stencil/sass": "1.5.2",
                "@types/autoprefixer": "^10.2.0",
                "autoprefixer": "^10.2.5",
                "rimraf": "^3.0.2",
                "typescript": "^4.0.5"
            }
        },
        "..": {
            "version": "5.20.0",
            "dev": true,
            "devDependencies": {
                "@babel/cli": "7.15.4",
                "@babel/core": "7.15.5",
                "@babel/preset-env": "7.15.6",
                "@rollup/plugin-babel": "5.2.1",
                "@rollup/plugin-node-resolve": "11.1.0",
                "@typescript-eslint/eslint-plugin": "4.31.1",
                "@typescript-eslint/parser": "4.31.1",
                "eslint": "7.32.0",
                "rimraf": "^3.0.2",
                "rollup": "2.38.1",
                "rollup-plugin-terser": "7.0.2",
                "rollup-plugin-typescript2": "0.27.1",
                "tslib": "2.0.0",
                "typescript": "4.0.3",
                "wasm-feature-detect": "1.2.11"
            },
            "engines": {
                "node": ">=12.0.0"
            }
        },
        "node_modules/@microblink/blinkid-in-browser-sdk": {
            "resolved": "..",
            "link": true
        },
        "node_modules/@stencil/core": {
            "version": "2.12.0",
            "resolved": "https://registry.npmjs.org/@stencil/core/-/core-2.12.0.tgz",
            "integrity": "sha512-hQlQKh5CUJe8g3L5avLLsfgVu95HMS2LToTtS7gpvvP0eKes1VvAC56uhI+vH4u44GZl9ck/g1rJBVRmMWu0LA==",
            "dev": true,
            "bin": {
                "stencil": "bin/stencil"
            },
            "engines": {
                "node": ">=12.10.0",
                "npm": ">=6.0.0"
            }
        },
        "node_modules/@stencil/postcss": {
            "version": "2.1.0",
            "resolved": "https://registry.npmjs.org/@stencil/postcss/-/postcss-2.1.0.tgz",
            "integrity": "sha512-/e4TYEXErGaHxH0ocg620YqEMLuMLpK/Wg4MJsiJglrLZCZhU4XCX1N0SwxaIOUbEZ1Zh+AqQ++yMI92ilndEA==",
            "dev": true,
            "dependencies": {
                "autoprefixer": "^10.3.6",
                "postcss": "~8.3.8"
            },
            "peerDependencies": {
                "@stencil/core": ">=2.0.0"
            }
        },
        "node_modules/@stencil/postcss/node_modules/postcss": {
            "version": "8.3.11",
            "resolved": "https://registry.npmjs.org/postcss/-/postcss-8.3.11.tgz",
            "integrity": "sha512-hCmlUAIlUiav8Xdqw3Io4LcpA1DOt7h3LSTAC4G6JGHFFaWzI6qvFt9oilvl8BmkbBRX1IhM90ZAmpk68zccQA==",
            "dev": true,
            "dependencies": {
                "nanoid": "^3.1.30",
                "picocolors": "^1.0.0",
                "source-map-js": "^0.6.2"
            },
            "engines": {
                "node": "^10 || ^12 || >=14"
            },
            "funding": {
                "type": "opencollective",
                "url": "https://opencollective.com/postcss/"
            }
        },
        "node_modules/@stencil/postcss/node_modules/source-map-js": {
            "version": "0.6.2",
            "resolved": "https://registry.npmjs.org/source-map-js/-/source-map-js-0.6.2.tgz",
            "integrity": "sha512-/3GptzWzu0+0MBQFrDKzw/DvvMTUORvgY6k6jd/VS6iCR4RDTKWH6v6WPwQoUO8667uQEf9Oe38DxAYWY5F/Ug==",
            "dev": true,
            "engines": {
                "node": ">=0.10.0"
            }
        },
        "node_modules/@stencil/sass": {
            "version": "1.5.2",
            "resolved": "https://registry.npmjs.org/@stencil/sass/-/sass-1.5.2.tgz",
            "integrity": "sha512-nJ93pUSylsGsMX0eLmhxh1oEljcUjj5mYjhB9ziCdoaydAdjukrUoqDCC7tdVbOcBo2hKptQyWqCtETnBGYsXQ==",
            "dev": true,
            "peerDependencies": {
                "@stencil/core": ">=1.0.2"
            }
        },
        "node_modules/@types/autoprefixer": {
            "version": "10.2.0",
            "resolved": "https://registry.npmjs.org/@types/autoprefixer/-/autoprefixer-10.2.0.tgz",
            "integrity": "sha512-ClU0uw3HhUra890K4xcf2IQxD6w0WOjPIaKb8jrRXYPHvvUW1P5dGufPlDtTo5gtWPWH+4L6tSBAoAKVf93uBQ==",
            "deprecated": "This is a stub types definition. autoprefixer provides its own type definitions, so you do not need this installed.",
            "dev": true,
            "dependencies": {
                "autoprefixer": "*"
            }
        },
        "node_modules/autoprefixer": {
            "version": "10.4.12",
            "resolved": "https://registry.npmjs.org/autoprefixer/-/autoprefixer-10.4.12.tgz",
            "integrity": "sha512-WrCGV9/b97Pa+jtwf5UGaRjgQIg7OK3D06GnoYoZNcG1Xb8Gt3EfuKjlhh9i/VtT16g6PYjZ69jdJ2g8FxSC4Q==",
            "dev": true,
            "funding": [
                {
                    "type": "opencollective",
                    "url": "https://opencollective.com/postcss/"
                },
                {
                    "type": "tidelift",
                    "url": "https://tidelift.com/funding/github/npm/autoprefixer"
                }
            ],
            "dependencies": {
                "browserslist": "^4.21.4",
                "caniuse-lite": "^1.0.30001407",
                "fraction.js": "^4.2.0",
                "normalize-range": "^0.1.2",
                "picocolors": "^1.0.0",
                "postcss-value-parser": "^4.2.0"
            },
            "bin": {
                "autoprefixer": "bin/autoprefixer"
            },
            "engines": {
                "node": "^10 || ^12 || >=14"
            },
            "peerDependencies": {
                "postcss": "^8.1.0"
            }
        },
        "node_modules/balanced-match": {
            "version": "1.0.2",
            "resolved": "https://registry.npmjs.org/balanced-match/-/balanced-match-1.0.2.tgz",
            "integrity": "sha512-3oSeUO0TMV67hN1AmbXsK4yaqU7tjiHlbxRDZOpH0KW9+CeX4bRAaX0Anxt0tx2MrpRpWwQaPwIlISEJhYU5Pw==",
            "dev": true
        },
        "node_modules/brace-expansion": {
            "version": "1.1.11",
            "resolved": "https://registry.npmjs.org/brace-expansion/-/brace-expansion-1.1.11.tgz",
            "integrity": "sha512-iCuPHDFgrHX7H2vEI/5xpz07zSHB00TpugqhmYtVmMO6518mCuRMoOYFldEBl0g187ufozdaHgWKcYFb61qGiA==",
            "dev": true,
            "dependencies": {
                "balanced-match": "^1.0.0",
                "concat-map": "0.0.1"
            }
        },
        "node_modules/browserslist": {
            "version": "4.21.4",
            "resolved": "https://registry.npmjs.org/browserslist/-/browserslist-4.21.4.tgz",
            "integrity": "sha512-CBHJJdDmgjl3daYjN5Cp5kbTf1mUhZoS+beLklHIvkOWscs83YAhLlF3Wsh/lciQYAcbBJgTOD44VtG31ZM4Hw==",
            "dev": true,
            "funding": [
                {
                    "type": "opencollective",
                    "url": "https://opencollective.com/browserslist"
                },
                {
                    "type": "tidelift",
                    "url": "https://tidelift.com/funding/github/npm/browserslist"
                }
            ],
            "dependencies": {
                "caniuse-lite": "^1.0.30001400",
                "electron-to-chromium": "^1.4.251",
                "node-releases": "^2.0.6",
                "update-browserslist-db": "^1.0.9"
            },
            "bin": {
                "browserslist": "cli.js"
            },
            "engines": {
                "node": "^6 || ^7 || ^8 || ^9 || ^10 || ^11 || ^12 || >=13.7"
            }
        },
        "node_modules/caniuse-lite": {
            "version": "1.0.30001423",
            "resolved": "https://registry.npmjs.org/caniuse-lite/-/caniuse-lite-1.0.30001423.tgz",
            "integrity": "sha512-09iwWGOlifvE1XuHokFMP7eR38a0JnajoyL3/i87c8ZjRWRrdKo1fqjNfugfBD0UDBIOz0U+jtNhJ0EPm1VleQ==",
            "dev": true,
            "funding": [
                {
                    "type": "opencollective",
                    "url": "https://opencollective.com/browserslist"
                },
                {
                    "type": "tidelift",
                    "url": "https://tidelift.com/funding/github/npm/caniuse-lite"
                }
            ]
        },
        "node_modules/concat-map": {
            "version": "0.0.1",
            "resolved": "https://registry.npmjs.org/concat-map/-/concat-map-0.0.1.tgz",
            "integrity": "sha512-/Srv4dswyQNBfohGpz9o6Yb3Gz3SrUDqBH5rTuhGR7ahtlbYKnVxw2bCFMRljaA7EXHaXZ8wsHdodFvbkhKmqg==",
            "dev": true
        },
        "node_modules/electron-to-chromium": {
            "version": "1.4.284",
            "resolved": "https://registry.npmjs.org/electron-to-chromium/-/electron-to-chromium-1.4.284.tgz",
            "integrity": "sha512-M8WEXFuKXMYMVr45fo8mq0wUrrJHheiKZf6BArTKk9ZBYCKJEOU5H8cdWgDT+qCVZf7Na4lVUaZsA+h6uA9+PA==",
            "dev": true
        },
        "node_modules/escalade": {
            "version": "3.1.1",
            "resolved": "https://registry.npmjs.org/escalade/-/escalade-3.1.1.tgz",
            "integrity": "sha512-k0er2gUkLf8O0zKJiAhmkTnJlTvINGv7ygDNPbeIsX/TJjGJZHuh9B2UxbsaEkmlEo9MfhrSzmhIlhRlI2GXnw==",
            "dev": true,
            "engines": {
                "node": ">=6"
            }
        },
        "node_modules/fraction.js": {
            "version": "4.2.0",
            "resolved": "https://registry.npmjs.org/fraction.js/-/fraction.js-4.2.0.tgz",
            "integrity": "sha512-MhLuK+2gUcnZe8ZHlaaINnQLl0xRIGRfcGk2yl8xoQAfHrSsL3rYu6FCmBdkdbhc9EPlwyGHewaRsvwRMJtAlA==",
            "dev": true,
            "engines": {
                "node": "*"
            },
            "funding": {
                "type": "patreon",
                "url": "https://www.patreon.com/infusion"
            }
        },
        "node_modules/fs.realpath": {
            "version": "1.0.0",
            "resolved": "https://registry.npmjs.org/fs.realpath/-/fs.realpath-1.0.0.tgz",
            "integrity": "sha512-OO0pH2lK6a0hZnAdau5ItzHPI6pUlvI7jMVnxUQRtw4owF2wk8lOSabtGDCTP4Ggrg2MbGnWO9X8K1t4+fGMDw==",
            "dev": true
        },
        "node_modules/glob": {
            "version": "7.2.3",
            "resolved": "https://registry.npmjs.org/glob/-/glob-7.2.3.tgz",
            "integrity": "sha512-nFR0zLpU2YCaRxwoCJvL6UvCH2JFyFVIvwTLsIf21AuHlMskA1hhTdk+LlYJtOlYt9v6dvszD2BGRqBL+iQK9Q==",
            "dev": true,
            "dependencies": {
                "fs.realpath": "^1.0.0",
                "inflight": "^1.0.4",
                "inherits": "2",
                "minimatch": "^3.1.1",
                "once": "^1.3.0",
                "path-is-absolute": "^1.0.0"
            },
            "engines": {
                "node": "*"
            },
            "funding": {
                "url": "https://github.com/sponsors/isaacs"
            }
        },
        "node_modules/inflight": {
            "version": "1.0.6",
            "resolved": "https://registry.npmjs.org/inflight/-/inflight-1.0.6.tgz",
            "integrity": "sha512-k92I/b08q4wvFscXCLvqfsHCrjrF7yiXsQuIVvVE7N82W3+aqpzuUdBbfhWcy/FZR3/4IgflMgKLOsvPDrGCJA==",
            "dev": true,
            "dependencies": {
                "once": "^1.3.0",
                "wrappy": "1"
            }
        },
        "node_modules/inherits": {
            "version": "2.0.4",
            "resolved": "https://registry.npmjs.org/inherits/-/inherits-2.0.4.tgz",
            "integrity": "sha512-k/vGaX4/Yla3WzyMCvTQOXYeIHvqOKtnqBduzTHpzpQZzAskKMhZ2K+EnBiSM9zGSoIFeMpXKxa4dYeZIQqewQ==",
            "dev": true
        },
        "node_modules/minimatch": {
            "version": "3.1.2",
            "resolved": "https://registry.npmjs.org/minimatch/-/minimatch-3.1.2.tgz",
            "integrity": "sha512-J7p63hRiAjw1NDEww1W7i37+ByIrOWO5XQQAzZ3VOcL0PNybwpfmV/N05zFAzwQ9USyEcX6t3UO+K5aqBQOIHw==",
            "dev": true,
            "dependencies": {
                "brace-expansion": "^1.1.7"
            },
            "engines": {
                "node": "*"
            }
        },
        "node_modules/nanoid": {
            "version": "3.3.4",
            "resolved": "https://registry.npmjs.org/nanoid/-/nanoid-3.3.4.tgz",
            "integrity": "sha512-MqBkQh/OHTS2egovRtLk45wEyNXwF+cokD+1YPf9u5VfJiRdAiRwB2froX5Co9Rh20xs4siNPm8naNotSD6RBw==",
            "dev": true,
            "bin": {
                "nanoid": "bin/nanoid.cjs"
            },
            "engines": {
                "node": "^10 || ^12 || ^13.7 || ^14 || >=15.0.1"
            }
        },
        "node_modules/node-releases": {
            "version": "2.0.6",
            "resolved": "https://registry.npmjs.org/node-releases/-/node-releases-2.0.6.tgz",
            "integrity": "sha512-PiVXnNuFm5+iYkLBNeq5211hvO38y63T0i2KKh2KnUs3RpzJ+JtODFjkD8yjLwnDkTYF1eKXheUwdssR+NRZdg==",
            "dev": true
        },
        "node_modules/normalize-range": {
            "version": "0.1.2",
            "resolved": "https://registry.npmjs.org/normalize-range/-/normalize-range-0.1.2.tgz",
            "integrity": "sha512-bdok/XvKII3nUpklnV6P2hxtMNrCboOjAcyBuQnWEhO665FwrSNRxU+AqpsyvO6LgGYPspN+lu5CLtw4jPRKNA==",
            "dev": true,
            "engines": {
                "node": ">=0.10.0"
            }
        },
        "node_modules/once": {
            "version": "1.4.0",
            "resolved": "https://registry.npmjs.org/once/-/once-1.4.0.tgz",
            "integrity": "sha512-lNaJgI+2Q5URQBkccEKHTQOPaXdUxnZZElQTZY0MFUAuaEqe1E+Nyvgdz/aIyNi6Z9MzO5dv1H8n58/GELp3+w==",
            "dev": true,
            "dependencies": {
                "wrappy": "1"
            }
        },
        "node_modules/path-is-absolute": {
            "version": "1.0.1",
            "resolved": "https://registry.npmjs.org/path-is-absolute/-/path-is-absolute-1.0.1.tgz",
            "integrity": "sha512-AVbw3UJ2e9bq64vSaS9Am0fje1Pa8pbGqTTsmXfaIiMpnr5DlDhfJOuLj9Sf95ZPVDAUerDfEk88MPmPe7UCQg==",
            "dev": true,
            "engines": {
                "node": ">=0.10.0"
            }
        },
        "node_modules/picocolors": {
            "version": "1.0.0",
            "resolved": "https://registry.npmjs.org/picocolors/-/picocolors-1.0.0.tgz",
            "integrity": "sha512-1fygroTLlHu66zi26VoTDv8yRgm0Fccecssto+MhsZ0D/DGW2sm8E8AjW7NU5VVTRt5GxbeZ5qBuJr+HyLYkjQ==",
            "dev": true
        },
        "node_modules/postcss": {
            "version": "8.4.18",
            "resolved": "https://registry.npmjs.org/postcss/-/postcss-8.4.18.tgz",
            "integrity": "sha512-Wi8mWhncLJm11GATDaQKobXSNEYGUHeQLiQqDFG1qQ5UTDPTEvKw0Xt5NsTpktGTwLps3ByrWsBrG0rB8YQ9oA==",
            "dev": true,
            "funding": [
                {
                    "type": "opencollective",
                    "url": "https://opencollective.com/postcss/"
                },
                {
                    "type": "tidelift",
                    "url": "https://tidelift.com/funding/github/npm/postcss"
                }
            ],
            "peer": true,
            "dependencies": {
                "nanoid": "^3.3.4",
                "picocolors": "^1.0.0",
                "source-map-js": "^1.0.2"
            },
            "engines": {
                "node": "^10 || ^12 || >=14"
            }
        },
        "node_modules/postcss-value-parser": {
            "version": "4.2.0",
            "resolved": "https://registry.npmjs.org/postcss-value-parser/-/postcss-value-parser-4.2.0.tgz",
            "integrity": "sha512-1NNCs6uurfkVbeXG4S8JFT9t19m45ICnif8zWLd5oPSZ50QnwMfK+H3jv408d4jw/7Bttv5axS5IiHoLaVNHeQ==",
            "dev": true
        },
        "node_modules/rimraf": {
            "version": "3.0.2",
            "resolved": "https://registry.npmjs.org/rimraf/-/rimraf-3.0.2.tgz",
            "integrity": "sha512-JZkJMZkAGFFPP2YqXZXPbMlMBgsxzE8ILs4lMIX/2o0L9UBw9O/Y3o6wFw/i9YLapcUJWwqbi3kdxIPdC62TIA==",
            "dev": true,
            "dependencies": {
                "glob": "^7.1.3"
            },
            "bin": {
                "rimraf": "bin.js"
            },
            "funding": {
                "url": "https://github.com/sponsors/isaacs"
            }
        },
        "node_modules/source-map-js": {
            "version": "1.0.2",
            "resolved": "https://registry.npmjs.org/source-map-js/-/source-map-js-1.0.2.tgz",
            "integrity": "sha512-R0XvVJ9WusLiqTCEiGCmICCMplcCkIwwR11mOSD9CR5u+IXYdiseeEuXCVAjS54zqwkLcPNnmU4OeJ6tUrWhDw==",
            "dev": true,
            "peer": true,
            "engines": {
                "node": ">=0.10.0"
            }
        },
        "node_modules/typescript": {
            "version": "4.8.4",
            "resolved": "https://registry.npmjs.org/typescript/-/typescript-4.8.4.tgz",
            "integrity": "sha512-QCh+85mCy+h0IGff8r5XWzOVSbBO+KfeYrMQh7NJ58QujwcE22u+NUSmUxqF+un70P9GXKxa2HCNiTTMJknyjQ==",
            "dev": true,
            "bin": {
                "tsc": "bin/tsc",
                "tsserver": "bin/tsserver"
            },
            "engines": {
                "node": ">=4.2.0"
            }
        },
        "node_modules/update-browserslist-db": {
            "version": "1.0.10",
            "resolved": "https://registry.npmjs.org/update-browserslist-db/-/update-browserslist-db-1.0.10.tgz",
            "integrity": "sha512-OztqDenkfFkbSG+tRxBeAnCVPckDBcvibKd35yDONx6OU8N7sqgwc7rCbkJ/WcYtVRZ4ba68d6byhC21GFh7sQ==",
            "dev": true,
            "funding": [
                {
                    "type": "opencollective",
                    "url": "https://opencollective.com/browserslist"
                },
                {
                    "type": "tidelift",
                    "url": "https://tidelift.com/funding/github/npm/browserslist"
                }
            ],
            "dependencies": {
                "escalade": "^3.1.1",
                "picocolors": "^1.0.0"
            },
            "bin": {
                "browserslist-lint": "cli.js"
            },
            "peerDependencies": {
                "browserslist": ">= 4.21.0"
            }
        },
        "node_modules/wrappy": {
            "version": "1.0.2",
            "resolved": "https://registry.npmjs.org/wrappy/-/wrappy-1.0.2.tgz",
            "integrity": "sha512-l4Sp/DRseor9wL6EvV2+TuQn63dMkPjZ/sp9XkghTEbV9KlPS1xUsZ3u7/IQO4wxtcFB4bgpQPRcR3QCvezPcQ==",
            "dev": true
        }
    },
    "dependencies": {
        "@microblink/blinkid-in-browser-sdk": {
            "version": "file:..",
            "requires": {
                "@babel/cli": "7.15.4",
                "@babel/core": "7.15.5",
                "@babel/preset-env": "7.15.6",
                "@rollup/plugin-babel": "5.2.1",
                "@rollup/plugin-node-resolve": "11.1.0",
                "@typescript-eslint/eslint-plugin": "4.31.1",
                "@typescript-eslint/parser": "4.31.1",
                "eslint": "7.32.0",
                "rimraf": "^3.0.2",
                "rollup": "2.38.1",
                "rollup-plugin-terser": "7.0.2",
                "rollup-plugin-typescript2": "0.27.1",
                "tslib": "2.0.0",
                "typescript": "4.0.3",
                "wasm-feature-detect": "1.2.11"
            }
        },
        "@stencil/core": {
            "version": "2.12.0",
            "resolved": "https://registry.npmjs.org/@stencil/core/-/core-2.12.0.tgz",
            "integrity": "sha512-hQlQKh5CUJe8g3L5avLLsfgVu95HMS2LToTtS7gpvvP0eKes1VvAC56uhI+vH4u44GZl9ck/g1rJBVRmMWu0LA==",
            "dev": true
        },
        "@stencil/postcss": {
            "version": "2.1.0",
            "resolved": "https://registry.npmjs.org/@stencil/postcss/-/postcss-2.1.0.tgz",
            "integrity": "sha512-/e4TYEXErGaHxH0ocg620YqEMLuMLpK/Wg4MJsiJglrLZCZhU4XCX1N0SwxaIOUbEZ1Zh+AqQ++yMI92ilndEA==",
            "dev": true,
            "requires": {
                "autoprefixer": "^10.3.6",
                "postcss": "~8.3.8"
            },
            "dependencies": {
                "postcss": {
                    "version": "8.3.11",
                    "resolved": "https://registry.npmjs.org/postcss/-/postcss-8.3.11.tgz",
                    "integrity": "sha512-hCmlUAIlUiav8Xdqw3Io4LcpA1DOt7h3LSTAC4G6JGHFFaWzI6qvFt9oilvl8BmkbBRX1IhM90ZAmpk68zccQA==",
                    "dev": true,
                    "requires": {
                        "nanoid": "^3.1.30",
                        "picocolors": "^1.0.0",
                        "source-map-js": "^0.6.2"
                    }
                },
                "source-map-js": {
                    "version": "0.6.2",
                    "resolved": "https://registry.npmjs.org/source-map-js/-/source-map-js-0.6.2.tgz",
                    "integrity": "sha512-/3GptzWzu0+0MBQFrDKzw/DvvMTUORvgY6k6jd/VS6iCR4RDTKWH6v6WPwQoUO8667uQEf9Oe38DxAYWY5F/Ug==",
                    "dev": true
                }
            }
        },
        "@stencil/sass": {
            "version": "1.5.2",
            "resolved": "https://registry.npmjs.org/@stencil/sass/-/sass-1.5.2.tgz",
            "integrity": "sha512-nJ93pUSylsGsMX0eLmhxh1oEljcUjj5mYjhB9ziCdoaydAdjukrUoqDCC7tdVbOcBo2hKptQyWqCtETnBGYsXQ==",
            "dev": true,
            "requires": {}
        },
        "@types/autoprefixer": {
            "version": "10.2.0",
            "resolved": "https://registry.npmjs.org/@types/autoprefixer/-/autoprefixer-10.2.0.tgz",
            "integrity": "sha512-ClU0uw3HhUra890K4xcf2IQxD6w0WOjPIaKb8jrRXYPHvvUW1P5dGufPlDtTo5gtWPWH+4L6tSBAoAKVf93uBQ==",
            "dev": true,
            "requires": {
                "autoprefixer": "*"
            }
        },
        "autoprefixer": {
            "version": "10.4.12",
            "resolved": "https://registry.npmjs.org/autoprefixer/-/autoprefixer-10.4.12.tgz",
            "integrity": "sha512-WrCGV9/b97Pa+jtwf5UGaRjgQIg7OK3D06GnoYoZNcG1Xb8Gt3EfuKjlhh9i/VtT16g6PYjZ69jdJ2g8FxSC4Q==",
            "dev": true,
            "requires": {
                "browserslist": "^4.21.4",
                "caniuse-lite": "^1.0.30001407",
                "fraction.js": "^4.2.0",
                "normalize-range": "^0.1.2",
                "picocolors": "^1.0.0",
                "postcss-value-parser": "^4.2.0"
            }
        },
        "balanced-match": {
            "version": "1.0.2",
            "resolved": "https://registry.npmjs.org/balanced-match/-/balanced-match-1.0.2.tgz",
            "integrity": "sha512-3oSeUO0TMV67hN1AmbXsK4yaqU7tjiHlbxRDZOpH0KW9+CeX4bRAaX0Anxt0tx2MrpRpWwQaPwIlISEJhYU5Pw==",
            "dev": true
        },
        "brace-expansion": {
            "version": "1.1.11",
            "resolved": "https://registry.npmjs.org/brace-expansion/-/brace-expansion-1.1.11.tgz",
            "integrity": "sha512-iCuPHDFgrHX7H2vEI/5xpz07zSHB00TpugqhmYtVmMO6518mCuRMoOYFldEBl0g187ufozdaHgWKcYFb61qGiA==",
            "dev": true,
            "requires": {
                "balanced-match": "^1.0.0",
                "concat-map": "0.0.1"
            }
        },
        "browserslist": {
            "version": "4.21.4",
            "resolved": "https://registry.npmjs.org/browserslist/-/browserslist-4.21.4.tgz",
            "integrity": "sha512-CBHJJdDmgjl3daYjN5Cp5kbTf1mUhZoS+beLklHIvkOWscs83YAhLlF3Wsh/lciQYAcbBJgTOD44VtG31ZM4Hw==",
            "dev": true,
            "requires": {
                "caniuse-lite": "^1.0.30001400",
                "electron-to-chromium": "^1.4.251",
                "node-releases": "^2.0.6",
                "update-browserslist-db": "^1.0.9"
            }
        },
        "caniuse-lite": {
            "version": "1.0.30001423",
            "resolved": "https://registry.npmjs.org/caniuse-lite/-/caniuse-lite-1.0.30001423.tgz",
            "integrity": "sha512-09iwWGOlifvE1XuHokFMP7eR38a0JnajoyL3/i87c8ZjRWRrdKo1fqjNfugfBD0UDBIOz0U+jtNhJ0EPm1VleQ==",
            "dev": true
        },
        "concat-map": {
            "version": "0.0.1",
            "resolved": "https://registry.npmjs.org/concat-map/-/concat-map-0.0.1.tgz",
            "integrity": "sha512-/Srv4dswyQNBfohGpz9o6Yb3Gz3SrUDqBH5rTuhGR7ahtlbYKnVxw2bCFMRljaA7EXHaXZ8wsHdodFvbkhKmqg==",
            "dev": true
        },
        "electron-to-chromium": {
            "version": "1.4.284",
            "resolved": "https://registry.npmjs.org/electron-to-chromium/-/electron-to-chromium-1.4.284.tgz",
            "integrity": "sha512-M8WEXFuKXMYMVr45fo8mq0wUrrJHheiKZf6BArTKk9ZBYCKJEOU5H8cdWgDT+qCVZf7Na4lVUaZsA+h6uA9+PA==",
            "dev": true
        },
        "escalade": {
            "version": "3.1.1",
            "resolved": "https://registry.npmjs.org/escalade/-/escalade-3.1.1.tgz",
            "integrity": "sha512-k0er2gUkLf8O0zKJiAhmkTnJlTvINGv7ygDNPbeIsX/TJjGJZHuh9B2UxbsaEkmlEo9MfhrSzmhIlhRlI2GXnw==",
            "dev": true
        },
        "fraction.js": {
            "version": "4.2.0",
            "resolved": "https://registry.npmjs.org/fraction.js/-/fraction.js-4.2.0.tgz",
            "integrity": "sha512-MhLuK+2gUcnZe8ZHlaaINnQLl0xRIGRfcGk2yl8xoQAfHrSsL3rYu6FCmBdkdbhc9EPlwyGHewaRsvwRMJtAlA==",
            "dev": true
        },
        "fs.realpath": {
            "version": "1.0.0",
            "resolved": "https://registry.npmjs.org/fs.realpath/-/fs.realpath-1.0.0.tgz",
            "integrity": "sha512-OO0pH2lK6a0hZnAdau5ItzHPI6pUlvI7jMVnxUQRtw4owF2wk8lOSabtGDCTP4Ggrg2MbGnWO9X8K1t4+fGMDw==",
            "dev": true
        },
        "glob": {
            "version": "7.2.3",
            "resolved": "https://registry.npmjs.org/glob/-/glob-7.2.3.tgz",
            "integrity": "sha512-nFR0zLpU2YCaRxwoCJvL6UvCH2JFyFVIvwTLsIf21AuHlMskA1hhTdk+LlYJtOlYt9v6dvszD2BGRqBL+iQK9Q==",
            "dev": true,
            "requires": {
                "fs.realpath": "^1.0.0",
                "inflight": "^1.0.4",
                "inherits": "2",
                "minimatch": "^3.1.1",
                "once": "^1.3.0",
                "path-is-absolute": "^1.0.0"
            }
        },
        "inflight": {
            "version": "1.0.6",
            "resolved": "https://registry.npmjs.org/inflight/-/inflight-1.0.6.tgz",
            "integrity": "sha512-k92I/b08q4wvFscXCLvqfsHCrjrF7yiXsQuIVvVE7N82W3+aqpzuUdBbfhWcy/FZR3/4IgflMgKLOsvPDrGCJA==",
            "dev": true,
            "requires": {
                "once": "^1.3.0",
                "wrappy": "1"
            }
        },
        "inherits": {
            "version": "2.0.4",
            "resolved": "https://registry.npmjs.org/inherits/-/inherits-2.0.4.tgz",
            "integrity": "sha512-k/vGaX4/Yla3WzyMCvTQOXYeIHvqOKtnqBduzTHpzpQZzAskKMhZ2K+EnBiSM9zGSoIFeMpXKxa4dYeZIQqewQ==",
            "dev": true
        },
        "minimatch": {
            "version": "3.1.2",
            "resolved": "https://registry.npmjs.org/minimatch/-/minimatch-3.1.2.tgz",
            "integrity": "sha512-J7p63hRiAjw1NDEww1W7i37+ByIrOWO5XQQAzZ3VOcL0PNybwpfmV/N05zFAzwQ9USyEcX6t3UO+K5aqBQOIHw==",
            "dev": true,
            "requires": {
                "brace-expansion": "^1.1.7"
            }
        },
        "nanoid": {
            "version": "3.3.4",
            "resolved": "https://registry.npmjs.org/nanoid/-/nanoid-3.3.4.tgz",
            "integrity": "sha512-MqBkQh/OHTS2egovRtLk45wEyNXwF+cokD+1YPf9u5VfJiRdAiRwB2froX5Co9Rh20xs4siNPm8naNotSD6RBw==",
            "dev": true
        },
        "node-releases": {
            "version": "2.0.6",
            "resolved": "https://registry.npmjs.org/node-releases/-/node-releases-2.0.6.tgz",
            "integrity": "sha512-PiVXnNuFm5+iYkLBNeq5211hvO38y63T0i2KKh2KnUs3RpzJ+JtODFjkD8yjLwnDkTYF1eKXheUwdssR+NRZdg==",
            "dev": true
        },
        "normalize-range": {
            "version": "0.1.2",
            "resolved": "https://registry.npmjs.org/normalize-range/-/normalize-range-0.1.2.tgz",
            "integrity": "sha512-bdok/XvKII3nUpklnV6P2hxtMNrCboOjAcyBuQnWEhO665FwrSNRxU+AqpsyvO6LgGYPspN+lu5CLtw4jPRKNA==",
            "dev": true
        },
        "once": {
            "version": "1.4.0",
            "resolved": "https://registry.npmjs.org/once/-/once-1.4.0.tgz",
            "integrity": "sha512-lNaJgI+2Q5URQBkccEKHTQOPaXdUxnZZElQTZY0MFUAuaEqe1E+Nyvgdz/aIyNi6Z9MzO5dv1H8n58/GELp3+w==",
            "dev": true,
            "requires": {
                "wrappy": "1"
            }
        },
        "path-is-absolute": {
            "version": "1.0.1",
            "resolved": "https://registry.npmjs.org/path-is-absolute/-/path-is-absolute-1.0.1.tgz",
            "integrity": "sha512-AVbw3UJ2e9bq64vSaS9Am0fje1Pa8pbGqTTsmXfaIiMpnr5DlDhfJOuLj9Sf95ZPVDAUerDfEk88MPmPe7UCQg==",
            "dev": true
        },
        "picocolors": {
            "version": "1.0.0",
            "resolved": "https://registry.npmjs.org/picocolors/-/picocolors-1.0.0.tgz",
            "integrity": "sha512-1fygroTLlHu66zi26VoTDv8yRgm0Fccecssto+MhsZ0D/DGW2sm8E8AjW7NU5VVTRt5GxbeZ5qBuJr+HyLYkjQ==",
            "dev": true
        },
        "postcss": {
            "version": "8.4.18",
            "resolved": "https://registry.npmjs.org/postcss/-/postcss-8.4.18.tgz",
            "integrity": "sha512-Wi8mWhncLJm11GATDaQKobXSNEYGUHeQLiQqDFG1qQ5UTDPTEvKw0Xt5NsTpktGTwLps3ByrWsBrG0rB8YQ9oA==",
            "dev": true,
            "peer": true,
            "requires": {
                "nanoid": "^3.3.4",
                "picocolors": "^1.0.0",
                "source-map-js": "^1.0.2"
            }
        },
        "postcss-value-parser": {
            "version": "4.2.0",
            "resolved": "https://registry.npmjs.org/postcss-value-parser/-/postcss-value-parser-4.2.0.tgz",
            "integrity": "sha512-1NNCs6uurfkVbeXG4S8JFT9t19m45ICnif8zWLd5oPSZ50QnwMfK+H3jv408d4jw/7Bttv5axS5IiHoLaVNHeQ==",
            "dev": true
        },
        "rimraf": {
            "version": "3.0.2",
            "resolved": "https://registry.npmjs.org/rimraf/-/rimraf-3.0.2.tgz",
            "integrity": "sha512-JZkJMZkAGFFPP2YqXZXPbMlMBgsxzE8ILs4lMIX/2o0L9UBw9O/Y3o6wFw/i9YLapcUJWwqbi3kdxIPdC62TIA==",
            "dev": true,
            "requires": {
                "glob": "^7.1.3"
            }
        },
        "source-map-js": {
            "version": "1.0.2",
            "resolved": "https://registry.npmjs.org/source-map-js/-/source-map-js-1.0.2.tgz",
            "integrity": "sha512-R0XvVJ9WusLiqTCEiGCmICCMplcCkIwwR11mOSD9CR5u+IXYdiseeEuXCVAjS54zqwkLcPNnmU4OeJ6tUrWhDw==",
            "dev": true,
            "peer": true
        },
        "typescript": {
            "version": "4.8.4",
            "resolved": "https://registry.npmjs.org/typescript/-/typescript-4.8.4.tgz",
            "integrity": "sha512-QCh+85mCy+h0IGff8r5XWzOVSbBO+KfeYrMQh7NJ58QujwcE22u+NUSmUxqF+un70P9GXKxa2HCNiTTMJknyjQ==",
            "dev": true
        },
        "update-browserslist-db": {
            "version": "1.0.10",
            "resolved": "https://registry.npmjs.org/update-browserslist-db/-/update-browserslist-db-1.0.10.tgz",
            "integrity": "sha512-OztqDenkfFkbSG+tRxBeAnCVPckDBcvibKd35yDONx6OU8N7sqgwc7rCbkJ/WcYtVRZ4ba68d6byhC21GFh7sQ==",
            "dev": true,
            "requires": {
                "escalade": "^3.1.1",
                "picocolors": "^1.0.0"
            }
        },
        "wrappy": {
            "version": "1.0.2",
            "resolved": "https://registry.npmjs.org/wrappy/-/wrappy-1.0.2.tgz",
            "integrity": "sha512-l4Sp/DRseor9wL6EvV2+TuQn63dMkPjZ/sp9XkghTEbV9KlPS1xUsZ3u7/IQO4wxtcFB4bgpQPRcR3QCvezPcQ==",
            "dev": true
        }
    }
}
